# This file is automatically @generated by Cargo.
# It is not intended for manual editing.
version = 4

[[package]]
name = "yorkie"
version = "0.1.0"
dependencies = [
 "yorkie-client",
 "yorkie-core",
 "yorkie-protocol",
]

[[package]]
name = "yorkie-client"
version = "0.1.0"
dependencies = [
 "yorkie-core",
 "yorkie-protocol",
]

[[package]]
name = "yorkie-core"
version = "0.1.0"

[[package]]
name = "yorkie-protocol"
version = "0.1.0"
